
Microsoft Visual Studio Solution File, Format Version 12.00
# Visual Studio Version 17
VisualStudioVersion = 17.0.32112.339
MinimumVisualStudioVersion = 10.0.40219.1
Project("{FAE04EC0-301F-11D3-BF4B-00C04F79EFBC}") = "ConsoleApp1", "ConsoleApp1\ConsoleApp1.csproj", "{94AF5C49-134D-46B0-92DB-243D15253C4B}"
EndProject
Global
	GlobalSection(SolutionConfigurationPlatforms) = preSolution
		Debug|Any CPU = Debug|Any CPU
		Release|Any CPU = Release|Any CPU
	EndGlobalSection
	GlobalSection(ProjectConfigurationPlatforms) = postSolution
		{94AF5C49-134D-46B0-92DB-243D15253C4B}.Debug|Any CPU.ActiveCfg = Debug|Any CPU
		{94AF5C49-134D-46B0-92DB-243D15253C4B}.Debug|Any CPU.Build.0 = Debug|Any CPU
		{94AF5C49-134D-46B0-92DB-243D15253C4B}.Release|Any CPU.ActiveCfg = Release|Any CPU
		{94AF5C49-134D-46B0-92DB-243D15253C4B}.Release|Any CPU.Build.0 = Release|Any CPU
	EndGlobalSection
	GlobalSection(SolutionProperties) = preSolution
		HideSolutionNode = FALSE
	EndGlobalSection
	GlobalSection(ExtensibilityGlobals) = postSolution
		SolutionGuid = {6F03B032-6AB4-4F47-A99D-D07B9B9B784B}
	EndGlobalSection
EndGlobal
